// !$*UTF8*$!
{
	archiveVersion = 1;
	classes = {
	};
	objectVersion = 46;
	objects = {

/* Begin PBXBuildFile section */
		96AB30F61E89CF6D00F1B304 /* ObserverManager.swift in Sources */ = {isa = PBXBuildFile; fileRef = 96AB30F51E89CF6D00F1B304 /* ObserverManager.swift */; };
		96C81ED6202AF8F10061CADD /* IAP.swift in Sources */ = {isa = PBXBuildFile; fileRef = 96C81ED5202AF8F10061CADD /* IAP.swift */; };
		96F377A21E70E7C7000522BD /* XvUtils.h in Headers */ = {isa = PBXBuildFile; fileRef = 96F377A01E70E7C7000522BD /* XvUtils.h */; settings = {ATTRIBUTES = (Public, ); }; };
		96F377B21E70F9A8000522BD /* Device.swift in Sources */ = {isa = PBXBuildFile; fileRef = 96F377B11E70F9A8000522BD /* Device.swift */; };
		96F377BA1E70FCA1000522BD /* Number.swift in Sources */ = {isa = PBXBuildFile; fileRef = 96F377B91E70FCA1000522BD /* Number.swift */; };
		BB588F5F21E7B0E900446CC8 /* LFO.swift in Sources */ = {isa = PBXBuildFile; fileRef = BB588F5E21E7B0E900446CC8 /* LFO.swift */; };
		BB6235B3240D426500179484 /* Notifications.swift in Sources */ = {isa = PBXBuildFile; fileRef = BB6235B2240D426500179484 /* Notifications.swift */; };
		BB7321F4253378A8001A1DA5 /* XvTime.swift in Sources */ = {isa = PBXBuildFile; fileRef = BB7321F3253378A8001A1DA5 /* XvTime.swift */; };
		BB801A43249F7C87005325CA /* Hex.swift in Sources */ = {isa = PBXBuildFile; fileRef = BB801A42249F7C87005325CA /* Hex.swift */; };
		BB801A45249FDBC8005325CA /* Bytes.swift in Sources */ = {isa = PBXBuildFile; fileRef = BB801A44249FDBC8005325CA /* Bytes.swift */; };
		BBAC72D2249C367800E7115E /* JSON.swift in Sources */ = {isa = PBXBuildFile; fileRef = BBAC72D1249C367800E7115E /* JSON.swift */; };
		BBB3CE2024F69A05009447CD /* Websocket.swift in Sources */ = {isa = PBXBuildFile; fileRef = BBB3CE1F24F69A05009447CD /* Websocket.swift */; };
/* End PBXBuildFile section */

/* Begin PBXFileReference section */
		96AB30F51E89CF6D00F1B304 /* ObserverManager.swift */ = {isa = PBXFileReference; fileEncoding = 4; lastKnownFileType = sourcecode.swift; name = ObserverManager.swift; path = XvUtils/Public/ObserverManager.swift; sourceTree = "<group>"; };
		96C81ED5202AF8F10061CADD /* IAP.swift */ = {isa = PBXFileReference; lastKnownFileType = sourcecode.swift; name = IAP.swift; path = XvUtils/Public/IAP.swift; sourceTree = "<group>"; };
		96F3779D1E70E7C7000522BD /* XvUtils.framework */ = {isa = PBXFileReference; explicitFileType = wrapper.framework; includeInIndex = 0; path = XvUtils.framework; sourceTree = BUILT_PRODUCTS_DIR; };
		96F377A01E70E7C7000522BD /* XvUtils.h */ = {isa = PBXFileReference; lastKnownFileType = sourcecode.c.h; path = XvUtils.h; sourceTree = "<group>"; };
		96F377A11E70E7C7000522BD /* Info.plist */ = {isa = PBXFileReference; lastKnownFileType = text.plist.xml; path = Info.plist; sourceTree = "<group>"; };
		96F377B11E70F9A8000522BD /* Device.swift */ = {isa = PBXFileReference; fileEncoding = 4; lastKnownFileType = sourcecode.swift; name = Device.swift; path = XvUtils/Public/Device.swift; sourceTree = "<group>"; };
		96F377B91E70FCA1000522BD /* Number.swift */ = {isa = PBXFileReference; fileEncoding = 4; lastKnownFileType = sourcecode.swift; name = Number.swift; path = XvUtils/Public/Number.swift; sourceTree = "<group>"; };
		BB588F5E21E7B0E900446CC8 /* LFO.swift */ = {isa = PBXFileReference; lastKnownFileType = sourcecode.swift; name = LFO.swift; path = XvUtils/Public/LFO.swift; sourceTree = "<group>"; };
		BB6235B2240D426500179484 /* Notifications.swift */ = {isa = PBXFileReference; lastKnownFileType = sourcecode.swift; name = Notifications.swift; path = XvUtils/Public/Notifications.swift; sourceTree = "<group>"; };
		BB7321F3253378A8001A1DA5 /* XvTime.swift */ = {isa = PBXFileReference; lastKnownFileType = sourcecode.swift; name = XvTime.swift; path = XvUtils/Public/XvTime.swift; sourceTree = "<group>"; };
		BB801A42249F7C87005325CA /* Hex.swift */ = {isa = PBXFileReference; lastKnownFileType = sourcecode.swift; name = Hex.swift; path = XvUtils/Public/Hex.swift; sourceTree = "<group>"; };
		BB801A44249FDBC8005325CA /* Bytes.swift */ = {isa = PBXFileReference; lastKnownFileType = sourcecode.swift; name = Bytes.swift; path = XvUtils/Public/Bytes.swift; sourceTree = "<group>"; };
		BBAC72D1249C367800E7115E /* JSON.swift */ = {isa = PBXFileReference; lastKnownFileType = sourcecode.swift; name = JSON.swift; path = XvUtils/Public/JSON.swift; sourceTree = "<group>"; };
		BBB3CE1F24F69A05009447CD /* Websocket.swift */ = {isa = PBXFileReference; lastKnownFileType = sourcecode.swift; name = Websocket.swift; path = XvUtils/Public/Websocket.swift; sourceTree = "<group>"; };
/* End PBXFileReference section */

/* Begin PBXFrameworksBuildPhase section */
		96F377991E70E7C7000522BD /* Frameworks */ = {
			isa = PBXFrameworksBuildPhase;
			buildActionMask = 2147483647;
			files = (
			);
			runOnlyForDeploymentPostprocessing = 0;
		};
/* End PBXFrameworksBuildPhase section */

/* Begin PBXGroup section */
		96F377931E70E7C7000522BD = {
			isa = PBXGroup;
			children = (
				BB801A44249FDBC8005325CA /* Bytes.swift */,
				96F377B11E70F9A8000522BD /* Device.swift */,
				BB801A42249F7C87005325CA /* Hex.swift */,
				96C81ED5202AF8F10061CADD /* IAP.swift */,
				BBAC72D1249C367800E7115E /* JSON.swift */,
				BB588F5E21E7B0E900446CC8 /* LFO.swift */,
				BB6235B2240D426500179484 /* Notifications.swift */,
				96F377B91E70FCA1000522BD /* Number.swift */,
				96AB30F51E89CF6D00F1B304 /* ObserverManager.swift */,
				BB7321F3253378A8001A1DA5 /* XvTime.swift */,
				BBB3CE1F24F69A05009447CD /* Websocket.swift */,
				96F3779F1E70E7C7000522BD /* Private */,
			);
			sourceTree = "<group>";
		};
		96F3779E1E70E7C7000522BD /* Products */ = {
			isa = PBXGroup;
			children = (
				96F3779D1E70E7C7000522BD /* XvUtils.framework */,
			);
			name = Products;
			path = ..;
			sourceTree = "<group>";
		};
		96F3779F1E70E7C7000522BD /* Private */ = {
			isa = PBXGroup;
			children = (
				96F377A81E70E7D6000522BD /* Basics */,
				96F3779E1E70E7C7000522BD /* Products */,
			);
			name = Private;
			path = XvUtils;
			sourceTree = "<group>";
		};
		96F377A81E70E7D6000522BD /* Basics */ = {
			isa = PBXGroup;
			children = (
				96F377A01E70E7C7000522BD /* XvUtils.h */,
				96F377A11E70E7C7000522BD /* Info.plist */,
			);
			name = Basics;
			sourceTree = "<group>";
		};
/* End PBXGroup section */

/* Begin PBXHeadersBuildPhase section */
		96F3779A1E70E7C7000522BD /* Headers */ = {
			isa = PBXHeadersBuildPhase;
			buildActionMask = 2147483647;
			files = (
				96F377A21E70E7C7000522BD /* XvUtils.h in Headers */,
			);
			runOnlyForDeploymentPostprocessing = 0;
		};
/* End PBXHeadersBuildPhase section */

/* Begin PBXNativeTarget section */
		96F3779C1E70E7C7000522BD /* XvUtils */ = {
			isa = PBXNativeTarget;
			buildConfigurationList = 96F377A51E70E7C7000522BD /* Build configuration list for PBXNativeTarget "XvUtils" */;
			buildPhases = (
				96F377981E70E7C7000522BD /* Sources */,
				96F377991E70E7C7000522BD /* Frameworks */,
				96F3779A1E70E7C7000522BD /* Headers */,
				96F3779B1E70E7C7000522BD /* Resources */,
			);
			buildRules = (
			);
			dependencies = (
			);
			name = XvUtils;
			productName = XvUtils;
			productReference = 96F3779D1E70E7C7000522BD /* XvUtils.framework */;
			productType = "com.apple.product-type.framework";
		};
/* End PBXNativeTarget section */

/* Begin PBXProject section */
		96F377941E70E7C7000522BD /* Project object */ = {
			isa = PBXProject;
			attributes = {
				LastUpgradeCheck = 1200;
				ORGANIZATIONNAME = "Jason J. Snell";
				TargetAttributes = {
					96F3779C1E70E7C7000522BD = {
						CreatedOnToolsVersion = 8.2.1;
						DevelopmentTeam = LN2HJCURK9;
						LastSwiftMigration = 1020;
						ProvisioningStyle = Automatic;
					};
				};
			};
			buildConfigurationList = 96F377971E70E7C7000522BD /* Build configuration list for PBXProject "XvUtils" */;
			compatibilityVersion = "Xcode 3.2";
			developmentRegion = en;
			hasScannedForEncodings = 0;
			knownRegions = (
				en,
				Base,
			);
			mainGroup = 96F377931E70E7C7000522BD;
			productRefGroup = 96F3779E1E70E7C7000522BD /* Products */;
			projectDirPath = "";
			projectRoot = "";
			targets = (
				96F3779C1E70E7C7000522BD /* XvUtils */,
			);
		};
/* End PBXProject section */

/* Begin PBXResourcesBuildPhase section */
		96F3779B1E70E7C7000522BD /* Resources */ = {
			isa = PBXResourcesBuildPhase;
			buildActionMask = 2147483647;
			files = (
			);
			runOnlyForDeploymentPostprocessing = 0;
		};
/* End PBXResourcesBuildPhase section */

/* Begin PBXSourcesBuildPhase section */
		96F377981E70E7C7000522BD /* Sources */ = {
			isa = PBXSourcesBuildPhase;
			buildActionMask = 2147483647;
			files = (
				BB6235B3240D426500179484 /* Notifications.swift in Sources */,
				BB801A43249F7C87005325CA /* Hex.swift in Sources */,
				BB7321F4253378A8001A1DA5 /* XvTime.swift in Sources */,
				BBAC72D2249C367800E7115E /* JSON.swift in Sources */,
				96AB30F61E89CF6D00F1B304 /* ObserverManager.swift in Sources */,
				96C81ED6202AF8F10061CADD /* IAP.swift in Sources */,
				96F377B21E70F9A8000522BD /* Device.swift in Sources */,
				96F377BA1E70FCA1000522BD /* Number.swift in Sources */,
				BBB3CE2024F69A05009447CD /* Websocket.swift in Sources */,
				BB801A45249FDBC8005325CA /* Bytes.swift in Sources */,
				BB588F5F21E7B0E900446CC8 /* LFO.swift in Sources */,
			);
			runOnlyForDeploymentPostprocessing = 0;
		};
/* End PBXSourcesBuildPhase section */

/* Begin XCBuildConfiguration section */
		96F377A31E70E7C7000522BD /* Debug */ = {
			isa = XCBuildConfiguration;
			buildSettings = {
				ALWAYS_SEARCH_USER_PATHS = NO;
				CLANG_ANALYZER_LOCALIZABILITY_NONLOCALIZED = YES;
				CLANG_ANALYZER_NONNULL = YES;
				CLANG_CXX_LANGUAGE_STANDARD = "gnu++0x";
				CLANG_CXX_LIBRARY = "libc++";
				CLANG_ENABLE_MODULES = YES;
				CLANG_ENABLE_OBJC_ARC = YES;
				CLANG_WARN_BLOCK_CAPTURE_AUTORELEASING = YES;
				CLANG_WARN_BOOL_CONVERSION = YES;
				CLANG_WARN_COMMA = YES;
				CLANG_WARN_CONSTANT_CONVERSION = YES;
				CLANG_WARN_DEPRECATED_OBJC_IMPLEMENTATIONS = YES;
				CLANG_WARN_DIRECT_OBJC_ISA_USAGE = YES_ERROR;
				CLANG_WARN_DOCUMENTATION_COMMENTS = YES;
				CLANG_WARN_EMPTY_BODY = YES;
				CLANG_WARN_ENUM_CONVERSION = YES;
				CLANG_WARN_INFINITE_RECURSION = YES;
				CLANG_WARN_INT_CONVERSION = YES;
				CLANG_WARN_NON_LITERAL_NULL_CONVERSION = YES;
				CLANG_WARN_OBJC_IMPLICIT_RETAIN_SELF = YES;
				CLANG_WARN_OBJC_LITERAL_CONVERSION = YES;
				CLANG_WARN_OBJC_ROOT_CLASS = YES_ERROR;
				CLANG_WARN_QUOTED_INCLUDE_IN_FRAMEWORK_HEADER = YES;
				CLANG_WARN_RANGE_LOOP_ANALYSIS = YES;
				CLANG_WARN_STRICT_PROTOTYPES = YES;
				CLANG_WARN_SUSPICIOUS_MOVE = YES;
				CLANG_WARN_UNREACHABLE_CODE = YES;
				CLANG_WARN__DUPLICATE_METHOD_MATCH = YES;
				"CODE_SIGN_IDENTITY[sdk=iphoneos*]" = "iPhone Developer";
				COPY_PHASE_STRIP = NO;
				CURRENT_PROJECT_VERSION = 1;
				DEBUG_INFORMATION_FORMAT = "dwarf-with-dsym";
				ENABLE_STRICT_OBJC_MSGSEND = YES;
				ENABLE_TESTABILITY = YES;
				GCC_C_LANGUAGE_STANDARD = gnu99;
				GCC_DYNAMIC_NO_PIC = NO;
				GCC_NO_COMMON_BLOCKS = YES;
				GCC_OPTIMIZATION_LEVEL = 0;
				GCC_PREPROCESSOR_DEFINITIONS = (
					"DEBUG=1",
					"$(inherited)",
				);
				GCC_WARN_64_TO_32_BIT_CONVERSION = YES;
				GCC_WARN_ABOUT_RETURN_TYPE = YES_ERROR;
				GCC_WARN_UNDECLARED_SELECTOR = YES;
				GCC_WARN_UNINITIALIZED_AUTOS = YES_AGGRESSIVE;
				GCC_WARN_UNUSED_FUNCTION = YES;
				GCC_WARN_UNUSED_VARIABLE = YES;
				IPHONEOS_DEPLOYMENT_TARGET = 13.2;
				MTL_ENABLE_DEBUG_INFO = YES;
				ONLY_ACTIVE_ARCH = YES;
				SDKROOT = iphoneos;
				SWIFT_ACTIVE_COMPILATION_CONDITIONS = DEBUG;
				SWIFT_OPTIMIZATION_LEVEL = "-Onone";
				SWIFT_VERSION = 4.2;
				TARGETED_DEVICE_FAMILY = "1,2";
				VALID_ARCHS = "$(ARCHS_STANDARD)";
				VERSIONING_SYSTEM = "apple-generic";
				VERSION_INFO_PREFIX = "";
			};
			name = Debug;
		};
		96F377A41E70E7C7000522BD /* Release */ = {
			isa = XCBuildConfiguration;
			buildSettings = {
				ALWAYS_SEARCH_USER_PATHS = NO;
				CLANG_ANALYZER_LOCALIZABILITY_NONLOCALIZED = YES;
				CLANG_ANALYZER_NONNULL = YES;
				CLANG_CXX_LANGUAGE_STANDARD = "gnu++0x";
				CLANG_CXX_LIBRARY = "libc++";
				CLANG_ENABLE_MODULES = YES;
				CLANG_ENABLE_OBJC_ARC = YES;
				CLANG_WARN_BLOCK_CAPTURE_AUTORELEASING = YES;
				CLANG_WARN_BOOL_CONVERSION = YES;
				CLANG_WARN_COMMA = YES;
				CLANG_WARN_CONSTANT_CONVERSION = YES;
				CLANG_WARN_DEPRECATED_OBJC_IMPLEMENTATIONS = YES;
				CLANG_WARN_DIRECT_OBJC_ISA_USAGE = YES_ERROR;
				CLANG_WARN_DOCUMENTATION_COMMENTS = YES;
				CLANG_WARN_EMPTY_BODY = YES;
				CLANG_WARN_ENUM_CONVERSION = YES;
				CLANG_WARN_INFINITE_RECURSION = YES;
				CLANG_WARN_INT_CONVERSION = YES;
				CLANG_WARN_NON_LITERAL_NULL_CONVERSION = YES;
				CLANG_WARN_OBJC_IMPLICIT_RETAIN_SELF = YES;
				CLANG_WARN_OBJC_LITERAL_CONVERSION = YES;
				CLANG_WARN_OBJC_ROOT_CLASS = YES_ERROR;
				CLANG_WARN_QUOTED_INCLUDE_IN_FRAMEWORK_HEADER = YES;
				CLANG_WARN_RANGE_LOOP_ANALYSIS = YES;
				CLANG_WARN_STRICT_PROTOTYPES = YES;
				CLANG_WARN_SUSPICIOUS_MOVE = YES;
				CLANG_WARN_UNREACHABLE_CODE = YES;
				CLANG_WARN__DUPLICATE_METHOD_MATCH = YES;
				"CODE_SIGN_IDENTITY[sdk=iphoneos*]" = "iPhone Developer";
				COPY_PHASE_STRIP = NO;
				CURRENT_PROJECT_VERSION = 1;
				DEBUG_INFORMATION_FORMAT = "dwarf-with-dsym";
				ENABLE_NS_ASSERTIONS = NO;
				ENABLE_STRICT_OBJC_MSGSEND = YES;
				GCC_C_LANGUAGE_STANDARD = gnu99;
				GCC_NO_COMMON_BLOCKS = YES;
				GCC_WARN_64_TO_32_BIT_CONVERSION = YES;
				GCC_WARN_ABOUT_RETURN_TYPE = YES_ERROR;
				GCC_WARN_UNDECLARED_SELECTOR = YES;
				GCC_WARN_UNINITIALIZED_AUTOS = YES_AGGRESSIVE;
				GCC_WARN_UNUSED_FUNCTION = YES;
				GCC_WARN_UNUSED_VARIABLE = YES;
				IPHONEOS_DEPLOYMENT_TARGET = 13.2;
				MTL_ENABLE_DEBUG_INFO = NO;
				ONLY_ACTIVE_ARCH = NO;
				SDKROOT = iphoneos;
				SWIFT_OPTIMIZATION_LEVEL = "-Owholemodule";
				SWIFT_VERSION = 4.2;
				TARGETED_DEVICE_FAMILY = "1,2";
				VALIDATE_PRODUCT = YES;
				VALID_ARCHS = "$(ARCHS_STANDARD)";
				VERSIONING_SYSTEM = "apple-generic";
				VERSION_INFO_PREFIX = "";
			};
			name = Release;
		};
		96F377A61E70E7C7000522BD /* Debug */ = {
			isa = XCBuildConfiguration;
			buildSettings = {
				CLANG_ENABLE_MODULES = YES;
				CODE_SIGN_IDENTITY = "";
				"CODE_SIGN_IDENTITY[sdk=macosx*]" = "-";
				CODE_SIGN_STYLE = Automatic;
				DEFINES_MODULE = YES;
				DEVELOPMENT_TEAM = LN2HJCURK9;
				DYLIB_COMPATIBILITY_VERSION = 1;
				DYLIB_CURRENT_VERSION = 1;
				DYLIB_INSTALL_NAME_BASE = "@rpath";
				INFOPLIST_FILE = XvUtils/Info.plist;
				INSTALL_PATH = "$(LOCAL_LIBRARY_DIR)/Frameworks";
				IPHONEOS_DEPLOYMENT_TARGET = 14.3;
				LD_RUNPATH_SEARCH_PATHS = "$(inherited) @executable_path/Frameworks @loader_path/Frameworks";
				PRODUCT_BUNDLE_IDENTIFIER = com.jasonjsnell.XvUtils;
				PRODUCT_NAME = "$(TARGET_NAME)";
				PROVISIONING_PROFILE_SPECIFIER = "";
				SKIP_INSTALL = YES;
				SUPPORTS_MACCATALYST = YES;
				SUPPORTS_MAC_DESIGNED_FOR_IPHONE_IPAD = NO;
				SWIFT_OPTIMIZATION_LEVEL = "-Onone";
				SWIFT_VERSION = 5.0;
				TARGETED_DEVICE_FAMILY = "1,2";
			};
			name = Debug;
		};
		96F377A71E70E7C7000522BD /* Release */ = {
			isa = XCBuildConfiguration;
			buildSettings = {
				CLANG_ENABLE_MODULES = YES;
				CODE_SIGN_IDENTITY = "";
				"CODE_SIGN_IDENTITY[sdk=macosx*]" = "-";
				CODE_SIGN_STYLE = Automatic;
				DEFINES_MODULE = YES;
				DEVELOPMENT_TEAM = LN2HJCURK9;
				DYLIB_COMPATIBILITY_VERSION = 1;
				DYLIB_CURRENT_VERSION = 1;
				DYLIB_INSTALL_NAME_BASE = "@rpath";
				INFOPLIST_FILE = XvUtils/Info.plist;
				INSTALL_PATH = "$(LOCAL_LIBRARY_DIR)/Frameworks";
				IPHONEOS_DEPLOYMENT_TARGET = 14.3;
				LD_RUNPATH_SEARCH_PATHS = "$(inherited) @executable_path/Frameworks @loader_path/Frameworks";
				PRODUCT_BUNDLE_IDENTIFIER = com.jasonjsnell.XvUtils;
				PRODUCT_NAME = "$(TARGET_NAME)";
				PROVISIONING_PROFILE_SPECIFIER = "";
				SKIP_INSTALL = YES;
				SUPPORTS_MACCATALYST = YES;
				SUPPORTS_MAC_DESIGNED_FOR_IPHONE_IPAD = NO;
				SWIFT_VERSION = 5.0;
				TARGETED_DEVICE_FAMILY = "1,2";
			};
			name = Release;
		};
/* End XCBuildConfiguration section */

/* Begin XCConfigurationList section */
		96F377971E70E7C7000522BD /* Build configuration list for PBXProject "XvUtils" */ = {
			isa = XCConfigurationList;
			buildConfigurations = (
				96F377A31E70E7C7000522BD /* Debug */,
				96F377A41E70E7C7000522BD /* Release */,
			);
			defaultConfigurationIsVisible = 0;
			defaultConfigurationName = Release;
		};
		96F377A51E70E7C7000522BD /* Build configuration list for PBXNativeTarget "XvUtils" */ = {
			isa = XCConfigurationList;
			buildConfigurations = (
				96F377A61E70E7C7000522BD /* Debug */,
				96F377A71E70E7C7000522BD /* Release */,
			);
			defaultConfigurationIsVisible = 0;
			defaultConfigurationName = Release;
		};
/* End XCConfigurationList section */
	};
	rootObject = 96F377941E70E7C7000522BD /* Project object */;
}
